<?xml version="1.0" encoding="UTF-8"?>
<CONFIG>
  <ProjectOptions>
    <Version Value="9"/>
    <General>
      <Flags>
        <MainUnitHasUsesSectionForAllUnits Value="False"/>
        <MainUnitHasCreateFormStatements Value="False"/>
        <MainUnitHasTitleStatement Value="False"/>
      </Flags>
      <SessionStorage Value="InProjectDir"/>
      <MainUnit Value="0"/>
      <Title Value="Duplicata"/>
      <UseAppBundle Value="False"/>
      <ResourceType Value="res"/>
      <Icon Value="0"/>
    </General>
    <i18n>
      <EnableI18N LFM="False"/>
    </i18n>
    <VersionInfo>
      <UseVersionInfo Value="True"/>
      <MajorVersionNr Value="1"/>
      <MinorVersionNr Value="8"/>
      <RevisionNr Value="6"/>
      <BuildNr Value="1"/>
      <Language Value="040C"/>
      <CharSet Value="04B0"/>
      <StringTable Comments="Développé par Patrice Fouquet" CompanyName="Patrice Fouquet" FileDescription="Jeu solo en mode Duplicate" InternalName="Duplicata" LegalCopyright="2018, Patrice Fouquet" ProductName="Duplicata" ProductVersion="1.8.6"/>
    </VersionInfo>
    <BuildModes Count="1">
      <Item1 Name="Default" Default="True"/>
    </BuildModes>
    <PublishOptions>
      <Version Value="2"/>
    </PublishOptions>
    <RunParams>
      <local>
        <FormatVersion Value="1"/>
      </local>
    </RunParams>
    <RequiredPackages Count="2">
      <Item1>
        <PackageName Value="richmemopackage"/>
      </Item1>
      <Item2>
        <PackageName Value="LCL"/>
      </Item2>
    </RequiredPackages>
    <Units Count="20">
      <Unit0>
        <Filename Value="Duplicata.lpr"/>
        <IsPartOfProject Value="True"/>
      </Unit0>
      <Unit1>
        <Filename Value="base.pas"/>
        <IsPartOfProject Value="True"/>
      </Unit1>
      <Unit2>
        <Filename Value="cststr.pas"/>
        <IsPartOfProject Value="True"/>
      </Unit2>
      <Unit3>
        <Filename Value="definition_f.pas"/>
        <IsPartOfProject Value="True"/>
        <ComponentName Value="FormDefinitionMot"/>
        <HasResources Value="True"/>
        <ResourceBaseClass Value="Form"/>
      </Unit3>
      <Unit4>
        <Filename Value="fdmatch_f.pas"/>
        <IsPartOfProject Value="True"/>
        <ComponentName Value="FormFeuilleMatch"/>
        <HasResources Value="True"/>
        <ResourceBaseClass Value="Form"/>
      </Unit4>
      <Unit5>
        <Filename Value="joker_f.pas"/>
        <IsPartOfProject Value="True"/>
        <ComponentName Value="FormJoker"/>
        <HasResources Value="True"/>
        <ResourceBaseClass Value="Form"/>
      </Unit5>
      <Unit6>
        <Filename Value="listemots_f.pas"/>
        <IsPartOfProject Value="True"/>
        <ComponentName Value="FormListeMots"/>
        <HasResources Value="True"/>
        <ResourceBaseClass Value="Form"/>
      </Unit6>
      <Unit7>
        <Filename Value="main_f.pas"/>
        <IsPartOfProject Value="True"/>
        <ComponentName Value="FormMain"/>
        <HasResources Value="True"/>
        <ResourceBaseClass Value="Form"/>
      </Unit7>
      <Unit8>
        <Filename Value="nvrecord_f.pas"/>
        <IsPartOfProject Value="True"/>
        <ComponentName Value="FormNvRecord"/>
        <HasResources Value="True"/>
        <ResourceBaseClass Value="Form"/>
      </Unit8>
      <Unit9>
        <Filename Value="patience_f.pas"/>
        <IsPartOfProject Value="True"/>
        <ComponentName Value="FormPatience"/>
        <HasResources Value="True"/>
        <ResourceBaseClass Value="Form"/>
      </Unit9>
      <Unit10>
        <Filename Value="prmpose_f.pas"/>
        <IsPartOfProject Value="True"/>
        <ComponentName Value="FormParamPose"/>
        <HasResources Value="True"/>
        <ResourceBaseClass Value="Form"/>
      </Unit10>
      <Unit11>
        <Filename Value="prmsrcdef_f.pas"/>
        <IsPartOfProject Value="True"/>
        <ComponentName Value="FormParamSrcDef"/>
        <HasResources Value="True"/>
        <ResourceBaseClass Value="Form"/>
      </Unit11>
      <Unit12>
        <Filename Value="propose_f.pas"/>
        <IsPartOfProject Value="True"/>
        <ComponentName Value="FormPropositionPose"/>
        <HasResources Value="True"/>
        <ResourceBaseClass Value="Form"/>
      </Unit12>
      <Unit13>
        <Filename Value="propos_f.pas"/>
        <IsPartOfProject Value="True"/>
        <ComponentName Value="FormAPropos"/>
        <HasResources Value="True"/>
        <ResourceBaseClass Value="Form"/>
      </Unit13>
      <Unit14>
        <Filename Value="rechdico_f.pas"/>
        <IsPartOfProject Value="True"/>
        <ComponentName Value="FormRechercheMots"/>
        <HasResources Value="True"/>
        <ResourceBaseClass Value="Form"/>
      </Unit14>
      <Unit15>
        <Filename Value="saisietirage_f.pas"/>
        <IsPartOfProject Value="True"/>
        <ComponentName Value="FormSaisieTirage"/>
        <HasResources Value="True"/>
        <ResourceBaseClass Value="Form"/>
      </Unit15>
      <Unit16>
        <Filename Value="situationjetons_f.pas"/>
        <IsPartOfProject Value="True"/>
        <ComponentName Value="FormSituationJetons"/>
        <HasResources Value="True"/>
        <ResourceBaseClass Value="Form"/>
      </Unit16>
      <Unit17>
        <Filename Value="solutions_f.pas"/>
        <IsPartOfProject Value="True"/>
        <ComponentName Value="FormSolutions"/>
        <HasResources Value="True"/>
        <ResourceBaseClass Value="Form"/>
      </Unit17>
      <Unit18>
        <Filename Value="statspartie_f.pas"/>
        <IsPartOfProject Value="True"/>
        <ComponentName Value="FormStatsPartie"/>
        <HasResources Value="True"/>
        <ResourceBaseClass Value="Form"/>
      </Unit18>
      <Unit19>
        <Filename Value="tirage_f.pas"/>
        <IsPartOfProject Value="True"/>
        <ComponentName Value="FormTirage"/>
        <HasResources Value="True"/>
        <ResourceBaseClass Value="Form"/>
      </Unit19>
    </Units>
  </ProjectOptions>
  <CompilerOptions>
    <Version Value="11"/>
    <Target>
      <Filename Value="../bin/Duplicata"/>
    </Target>
    <SearchPaths>
      <IncludeFiles Value="$(ProjOutDir)"/>
      <UnitOutputDirectory Value="../obj"/>
    </SearchPaths>
    <Parsing>
      <SyntaxOptions>
        <SyntaxMode Value="Delphi"/>
      </SyntaxOptions>
    </Parsing>
    <Linking>
      <Options>
        <Win32>
          <GraphicApplication Value="True"/>
        </Win32>
      </Options>
    </Linking>
  </CompilerOptions>
  <Debugging>
    <Exceptions Count="3">
      <Item1>
        <Name Value="EAbort"/>
      </Item1>
      <Item2>
        <Name Value="ECodetoolError"/>
      </Item2>
      <Item3>
        <Name Value="EFOpenError"/>
      </Item3>
    </Exceptions>
  </Debugging>
</CONFIG>
